
Microsoft Visual Studio Solution File, Format Version 12.00
# Visual Studio Version 17
VisualStudioVersion = 17.14.36429.23
MinimumVisualStudioVersion = 10.0.40219.1
Project("{54A90642-561A-4BB1-A94E-469ADEE60C69}") = "MyBlogApp", "MyBlogApp.esproj", "{183687FC-1681-ADC4-E726-851FF33FA0A2}"
EndProject
Global
	GlobalSection(SolutionConfigurationPlatforms) = preSolution
		Debug|Any CPU = Debug|Any CPU
		Release|Any CPU = Release|Any CPU
	EndGlobalSection
	GlobalSection(ProjectConfigurationPlatforms) = postSolution
		{183687FC-1681-ADC4-E726-851FF33FA0A2}.Debug|Any CPU.ActiveCfg = Debug|Any CPU
		{183687FC-1681-ADC4-E726-851FF33FA0A2}.Debug|Any CPU.Build.0 = Debug|Any CPU
		{183687FC-1681-ADC4-E726-851FF33FA0A2}.Debug|Any CPU.Deploy.0 = Debug|Any CPU
		{183687FC-1681-ADC4-E726-851FF33FA0A2}.Release|Any CPU.ActiveCfg = Release|Any CPU
		{183687FC-1681-ADC4-E726-851FF33FA0A2}.Release|Any CPU.Build.0 = Release|Any CPU
		{183687FC-1681-ADC4-E726-851FF33FA0A2}.Release|Any CPU.Deploy.0 = Release|Any CPU
	EndGlobalSection
	GlobalSection(SolutionProperties) = preSolution
		HideSolutionNode = FALSE
	EndGlobalSection
	GlobalSection(ExtensibilityGlobals) = postSolution
		SolutionGuid = {EF7ED7F6-2EED-4621-BABE-B46CDAB133A8}
	EndGlobalSection
EndGlobal
